// !$*UTF8*$!
{
	archiveVersion = 1;
	classes = {
	};
	objectVersion = 56;
	objects = {

/* Begin PBXBuildFile section */
		5BE541232BBF99FA00E3BE35 /* LearningSwiftBasicApp.swift in Sources */ = {isa = PBXBuildFile; fileRef = 5BE541222BBF99FA00E3BE35 /* LearningSwiftBasicApp.swift */; };
		5BE541252BBF99FA00E3BE35 /* ContentView.swift in Sources */ = {isa = PBXBuildFile; fileRef = 5BE541242BBF99FA00E3BE35 /* ContentView.swift */; };
		5BE541272BBF99FD00E3BE35 /* Assets.xcassets in Resources */ = {isa = PBXBuildFile; fileRef = 5BE541262BBF99FD00E3BE35 /* Assets.xcassets */; };
		5BE5412A2BBF99FD00E3BE35 /* Preview Assets.xcassets in Resources */ = {isa = PBXBuildFile; fileRef = 5BE541292BBF99FD00E3BE35 /* Preview Assets.xcassets */; };
		5BE541392BBFA67000E3BE35 /* ContainerStack.swift in Sources */ = {isa = PBXBuildFile; fileRef = 5BE541382BBFA67000E3BE35 /* ContainerStack.swift */; };
		5BE5413B2BBFAA2000E3BE35 /* ButtonControl.swift in Sources */ = {isa = PBXBuildFile; fileRef = 5BE5413A2BBFAA2000E3BE35 /* ButtonControl.swift */; };
		5BE5413D2BBFB00300E3BE35 /* ColorPickerControlView.swift in Sources */ = {isa = PBXBuildFile; fileRef = 5BE5413C2BBFB00300E3BE35 /* ColorPickerControlView.swift */; };
		5BE5413F2BBFCECB00E3BE35 /* DatePickerControl.swift in Sources */ = {isa = PBXBuildFile; fileRef = 5BE5413E2BBFCECB00E3BE35 /* DatePickerControl.swift */; };
		5BE541412BBFD03B00E3BE35 /* FormControl.swift in Sources */ = {isa = PBXBuildFile; fileRef = 5BE541402BBFD03B00E3BE35 /* FormControl.swift */; };
		5BE541432BBFD15700E3BE35 /* SwiftUIState.swift in Sources */ = {isa = PBXBuildFile; fileRef = 5BE541422BBFD15700E3BE35 /* SwiftUIState.swift */; };
		5BE541452BBFD59400E3BE35 /* SwiftUIColorControl.swift in Sources */ = {isa = PBXBuildFile; fileRef = 5BE541442BBFD59400E3BE35 /* SwiftUIColorControl.swift */; };
		5BE541472BBFD75600E3BE35 /* SegmentedControlView.swift in Sources */ = {isa = PBXBuildFile; fileRef = 5BE541462BBFD75600E3BE35 /* SegmentedControlView.swift */; };
		5BE541492BBFD9C300E3BE35 /* SwiftUILink.swift in Sources */ = {isa = PBXBuildFile; fileRef = 5BE541482BBFD9C300E3BE35 /* SwiftUILink.swift */; };
		5BE5414B2BBFDC3500E3BE35 /* WebView.swift in Sources */ = {isa = PBXBuildFile; fileRef = 5BE5414A2BBFDC3500E3BE35 /* WebView.swift */; };
/* End PBXBuildFile section */

/* Begin PBXFileReference section */
		5BE5411F2BBF99FA00E3BE35 /* LearningSwiftBasic.app */ = {isa = PBXFileReference; explicitFileType = wrapper.application; includeInIndex = 0; path = LearningSwiftBasic.app; sourceTree = BUILT_PRODUCTS_DIR; };
		5BE541222BBF99FA00E3BE35 /* LearningSwiftBasicApp.swift */ = {isa = PBXFileReference; lastKnownFileType = sourcecode.swift; path = LearningSwiftBasicApp.swift; sourceTree = "<group>"; };
		5BE541242BBF99FA00E3BE35 /* ContentView.swift */ = {isa = PBXFileReference; lastKnownFileType = sourcecode.swift; path = ContentView.swift; sourceTree = "<group>"; };
		5BE541262BBF99FD00E3BE35 /* Assets.xcassets */ = {isa = PBXFileReference; lastKnownFileType = folder.assetcatalog; path = Assets.xcassets; sourceTree = "<group>"; };
		5BE541292BBF99FD00E3BE35 /* Preview Assets.xcassets */ = {isa = PBXFileReference; lastKnownFileType = folder.assetcatalog; path = "Preview Assets.xcassets"; sourceTree = "<group>"; };
		5BE541382BBFA67000E3BE35 /* ContainerStack.swift */ = {isa = PBXFileReference; lastKnownFileType = sourcecode.swift; path = ContainerStack.swift; sourceTree = "<group>"; };
		5BE5413A2BBFAA2000E3BE35 /* ButtonControl.swift */ = {isa = PBXFileReference; lastKnownFileType = sourcecode.swift; path = ButtonControl.swift; sourceTree = "<group>"; };
		5BE5413C2BBFB00300E3BE35 /* ColorPickerControlView.swift */ = {isa = PBXFileReference; lastKnownFileType = sourcecode.swift; path = ColorPickerControlView.swift; sourceTree = "<group>"; };
		5BE5413E2BBFCECB00E3BE35 /* DatePickerControl.swift */ = {isa = PBXFileReference; lastKnownFileType = sourcecode.swift; path = DatePickerControl.swift; sourceTree = "<group>"; };
		5BE541402BBFD03B00E3BE35 /* FormControl.swift */ = {isa = PBXFileReference; lastKnownFileType = sourcecode.swift; path = FormControl.swift; sourceTree = "<group>"; };
		5BE541422BBFD15700E3BE35 /* SwiftUIState.swift */ = {isa = PBXFileReference; lastKnownFileType = sourcecode.swift; path = SwiftUIState.swift; sourceTree = "<group>"; };
		5BE541442BBFD59400E3BE35 /* SwiftUIColorControl.swift */ = {isa = PBXFileReference; lastKnownFileType = sourcecode.swift; path = SwiftUIColorControl.swift; sourceTree = "<group>"; };
		5BE541462BBFD75600E3BE35 /* SegmentedControlView.swift */ = {isa = PBXFileReference; lastKnownFileType = sourcecode.swift; path = SegmentedControlView.swift; sourceTree = "<group>"; };
		5BE541482BBFD9C300E3BE35 /* SwiftUILink.swift */ = {isa = PBXFileReference; lastKnownFileType = sourcecode.swift; path = SwiftUILink.swift; sourceTree = "<group>"; };
		5BE5414A2BBFDC3500E3BE35 /* WebView.swift */ = {isa = PBXFileReference; lastKnownFileType = sourcecode.swift; path = WebView.swift; sourceTree = "<group>"; };
/* End PBXFileReference section */

/* Begin PBXFrameworksBuildPhase section */
		5BE5411C2BBF99F900E3BE35 /* Frameworks */ = {
			isa = PBXFrameworksBuildPhase;
			buildActionMask = 2147483647;
			files = (
			);
			runOnlyForDeploymentPostprocessing = 0;
		};
/* End PBXFrameworksBuildPhase section */

/* Begin PBXGroup section */
		5BE541162BBF99F900E3BE35 = {
			isa = PBXGroup;
			children = (
				5BE541212BBF99FA00E3BE35 /* LearningSwiftBasic */,
				5BE541202BBF99FA00E3BE35 /* Products */,
			);
			sourceTree = "<group>";
		};
		5BE541202BBF99FA00E3BE35 /* Products */ = {
			isa = PBXGroup;
			children = (
				5BE5411F2BBF99FA00E3BE35 /* LearningSwiftBasic.app */,
			);
			name = Products;
			sourceTree = "<group>";
		};
		5BE541212BBF99FA00E3BE35 /* LearningSwiftBasic */ = {
			isa = PBXGroup;
			children = (
				5BE541312BBFA58500E3BE35 /* App */,
				5BE541322BBFA59200E3BE35 /* View */,
				5BE541352BBFA5EC00E3BE35 /* Resources */,
				5BE541262BBF99FD00E3BE35 /* Assets.xcassets */,
				5BE541282BBF99FD00E3BE35 /* Preview Content */,
			);
			path = LearningSwiftBasic;
			sourceTree = "<group>";
		};
		5BE541282BBF99FD00E3BE35 /* Preview Content */ = {
			isa = PBXGroup;
			children = (
				5BE541292BBF99FD00E3BE35 /* Preview Assets.xcassets */,
			);
			path = "Preview Content";
			sourceTree = "<group>";
		};
		5BE541312BBFA58500E3BE35 /* App */ = {
			isa = PBXGroup;
			children = (
				5BE541222BBF99FA00E3BE35 /* LearningSwiftBasicApp.swift */,
			);
			path = App;
			sourceTree = "<group>";
		};
		5BE541322BBFA59200E3BE35 /* View */ = {
			isa = PBXGroup;
			children = (
				5BE541242BBF99FA00E3BE35 /* ContentView.swift */,
				5BE5413A2BBFAA2000E3BE35 /* ButtonControl.swift */,
				5BE5413C2BBFB00300E3BE35 /* ColorPickerControlView.swift */,
				5BE541382BBFA67000E3BE35 /* ContainerStack.swift */,
				5BE5413E2BBFCECB00E3BE35 /* DatePickerControl.swift */,
				5BE541402BBFD03B00E3BE35 /* FormControl.swift */,
				5BE541422BBFD15700E3BE35 /* SwiftUIState.swift */,
				5BE541442BBFD59400E3BE35 /* SwiftUIColorControl.swift */,
				5BE541462BBFD75600E3BE35 /* SegmentedControlView.swift */,
				5BE541482BBFD9C300E3BE35 /* SwiftUILink.swift */,
				5BE5414A2BBFDC3500E3BE35 /* WebView.swift */,
			);
			path = View;
			sourceTree = "<group>";
		};
		5BE541352BBFA5EC00E3BE35 /* Resources */ = {
			isa = PBXGroup;
			children = (
			);
			path = Resources;
			sourceTree = "<group>";
		};
/* End PBXGroup section */

/* Begin PBXNativeTarget section */
		5BE5411E2BBF99F900E3BE35 /* LearningSwiftBasic */ = {
			isa = PBXNativeTarget;
			buildConfigurationList = 5BE5412D2BBF99FD00E3BE35 /* Build configuration list for PBXNativeTarget "LearningSwiftBasic" */;
			buildPhases = (
				5BE5411B2BBF99F900E3BE35 /* Sources */,
				5BE5411C2BBF99F900E3BE35 /* Frameworks */,
				5BE5411D2BBF99F900E3BE35 /* Resources */,
			);
			buildRules = (
			);
			dependencies = (
			);
			name = LearningSwiftBasic;
			productName = LearningSwiftBasic;
			productReference = 5BE5411F2BBF99FA00E3BE35 /* LearningSwiftBasic.app */;
			productType = "com.apple.product-type.application";
		};
/* End PBXNativeTarget section */

/* Begin PBXProject section */
		5BE541172BBF99F900E3BE35 /* Project object */ = {
			isa = PBXProject;
			attributes = {
				BuildIndependentTargetsInParallel = 1;
				LastSwiftUpdateCheck = 1530;
				LastUpgradeCheck = 1530;
				TargetAttributes = {
					5BE5411E2BBF99F900E3BE35 = {
						CreatedOnToolsVersion = 15.3;
					};
				};
			};
			buildConfigurationList = 5BE5411A2BBF99F900E3BE35 /* Build configuration list for PBXProject "LearningSwiftBasic" */;
			compatibilityVersion = "Xcode 14.0";
			developmentRegion = en;
			hasScannedForEncodings = 0;
			knownRegions = (
				en,
				Base,
			);
			mainGroup = 5BE541162BBF99F900E3BE35;
			productRefGroup = 5BE541202BBF99FA00E3BE35 /* Products */;
			projectDirPath = "";
			projectRoot = "";
			targets = (
				5BE5411E2BBF99F900E3BE35 /* LearningSwiftBasic */,
			);
		};
/* End PBXProject section */

/* Begin PBXResourcesBuildPhase section */
		5BE5411D2BBF99F900E3BE35 /* Resources */ = {
			isa = PBXResourcesBuildPhase;
			buildActionMask = 2147483647;
			files = (
				5BE5412A2BBF99FD00E3BE35 /* Preview Assets.xcassets in Resources */,
				5BE541272BBF99FD00E3BE35 /* Assets.xcassets in Resources */,
			);
			runOnlyForDeploymentPostprocessing = 0;
		};
/* End PBXResourcesBuildPhase section */

/* Begin PBXSourcesBuildPhase section */
		5BE5411B2BBF99F900E3BE35 /* Sources */ = {
			isa = PBXSourcesBuildPhase;
			buildActionMask = 2147483647;
			files = (
				5BE5413D2BBFB00300E3BE35 /* ColorPickerControlView.swift in Sources */,
				5BE541432BBFD15700E3BE35 /* SwiftUIState.swift in Sources */,
				5BE541252BBF99FA00E3BE35 /* ContentView.swift in Sources */,
				5BE541232BBF99FA00E3BE35 /* LearningSwiftBasicApp.swift in Sources */,
				5BE541492BBFD9C300E3BE35 /* SwiftUILink.swift in Sources */,
				5BE541412BBFD03B00E3BE35 /* FormControl.swift in Sources */,
				5BE541472BBFD75600E3BE35 /* SegmentedControlView.swift in Sources */,
				5BE541392BBFA67000E3BE35 /* ContainerStack.swift in Sources */,
				5BE541452BBFD59400E3BE35 /* SwiftUIColorControl.swift in Sources */,
				5BE5414B2BBFDC3500E3BE35 /* WebView.swift in Sources */,
				5BE5413B2BBFAA2000E3BE35 /* ButtonControl.swift in Sources */,
				5BE5413F2BBFCECB00E3BE35 /* DatePickerControl.swift in Sources */,
			);
			runOnlyForDeploymentPostprocessing = 0;
		};
/* End PBXSourcesBuildPhase section */

/* Begin XCBuildConfiguration section */
		5BE5412B2BBF99FD00E3BE35 /* Debug */ = {
			isa = XCBuildConfiguration;
			buildSettings = {
				ALWAYS_SEARCH_USER_PATHS = NO;
				ASSETCATALOG_COMPILER_GENERATE_SWIFT_ASSET_SYMBOL_EXTENSIONS = YES;
				CLANG_ANALYZER_NONNULL = YES;
				CLANG_ANALYZER_NUMBER_OBJECT_CONVERSION = YES_AGGRESSIVE;
				CLANG_CXX_LANGUAGE_STANDARD = "gnu++20";
				CLANG_ENABLE_MODULES = YES;
				CLANG_ENABLE_OBJC_ARC = YES;
				CLANG_ENABLE_OBJC_WEAK = YES;
				CLANG_WARN_BLOCK_CAPTURE_AUTORELEASING = YES;
				CLANG_WARN_BOOL_CONVERSION = YES;
				CLANG_WARN_COMMA = YES;
				CLANG_WARN_CONSTANT_CONVERSION = YES;
				CLANG_WARN_DEPRECATED_OBJC_IMPLEMENTATIONS = YES;
				CLANG_WARN_DIRECT_OBJC_ISA_USAGE = YES_ERROR;
				CLANG_WARN_DOCUMENTATION_COMMENTS = YES;
				CLANG_WARN_EMPTY_BODY = YES;
				CLANG_WARN_ENUM_CONVERSION = YES;
				CLANG_WARN_INFINITE_RECURSION = YES;
				CLANG_WARN_INT_CONVERSION = YES;
				CLANG_WARN_NON_LITERAL_NULL_CONVERSION = YES;
				CLANG_WARN_OBJC_IMPLICIT_RETAIN_SELF = YES;
				CLANG_WARN_OBJC_LITERAL_CONVERSION = YES;
				CLANG_WARN_OBJC_ROOT_CLASS = YES_ERROR;
				CLANG_WARN_QUOTED_INCLUDE_IN_FRAMEWORK_HEADER = YES;
				CLANG_WARN_RANGE_LOOP_ANALYSIS = YES;
				CLANG_WARN_STRICT_PROTOTYPES = YES;
				CLANG_WARN_SUSPICIOUS_MOVE = YES;
				CLANG_WARN_UNGUARDED_AVAILABILITY = YES_AGGRESSIVE;
				CLANG_WARN_UNREACHABLE_CODE = YES;
				CLANG_WARN__DUPLICATE_METHOD_MATCH = YES;
				COPY_PHASE_STRIP = NO;
				DEBUG_INFORMATION_FORMAT = dwarf;
				ENABLE_STRICT_OBJC_MSGSEND = YES;
				ENABLE_TESTABILITY = YES;
				ENABLE_USER_SCRIPT_SANDBOXING = YES;
				GCC_C_LANGUAGE_STANDARD = gnu17;
				GCC_DYNAMIC_NO_PIC = NO;
				GCC_NO_COMMON_BLOCKS = YES;
				GCC_OPTIMIZATION_LEVEL = 0;
				GCC_PREPROCESSOR_DEFINITIONS = (
					"DEBUG=1",
					"$(inherited)",
				);
				GCC_WARN_64_TO_32_BIT_CONVERSION = YES;
				GCC_WARN_ABOUT_RETURN_TYPE = YES_ERROR;
				GCC_WARN_UNDECLARED_SELECTOR = YES;
				GCC_WARN_UNINITIALIZED_AUTOS = YES_AGGRESSIVE;
				GCC_WARN_UNUSED_FUNCTION = YES;
				GCC_WARN_UNUSED_VARIABLE = YES;
				IPHONEOS_DEPLOYMENT_TARGET = 17.4;
				LOCALIZATION_PREFERS_STRING_CATALOGS = YES;
				MTL_ENABLE_DEBUG_INFO = INCLUDE_SOURCE;
				MTL_FAST_MATH = YES;
				ONLY_ACTIVE_ARCH = YES;
				SDKROOT = iphoneos;
				SWIFT_ACTIVE_COMPILATION_CONDITIONS = "DEBUG $(inherited)";
				SWIFT_OPTIMIZATION_LEVEL = "-Onone";
			};
			name = Debug;
		};
		5BE5412C2BBF99FD00E3BE35 /* Release */ = {
			isa = XCBuildConfiguration;
			buildSettings = {
				ALWAYS_SEARCH_USER_PATHS = NO;
				ASSETCATALOG_COMPILER_GENERATE_SWIFT_ASSET_SYMBOL_EXTENSIONS = YES;
				CLANG_ANALYZER_NONNULL = YES;
				CLANG_ANALYZER_NUMBER_OBJECT_CONVERSION = YES_AGGRESSIVE;
				CLANG_CXX_LANGUAGE_STANDARD = "gnu++20";
				CLANG_ENABLE_MODULES = YES;
				CLANG_ENABLE_OBJC_ARC = YES;
				CLANG_ENABLE_OBJC_WEAK = YES;
				CLANG_WARN_BLOCK_CAPTURE_AUTORELEASING = YES;
				CLANG_WARN_BOOL_CONVERSION = YES;
				CLANG_WARN_COMMA = YES;
				CLANG_WARN_CONSTANT_CONVERSION = YES;
				CLANG_WARN_DEPRECATED_OBJC_IMPLEMENTATIONS = YES;
				CLANG_WARN_DIRECT_OBJC_ISA_USAGE = YES_ERROR;
				CLANG_WARN_DOCUMENTATION_COMMENTS = YES;
				CLANG_WARN_EMPTY_BODY = YES;
				CLANG_WARN_ENUM_CONVERSION = YES;
				CLANG_WARN_INFINITE_RECURSION = YES;
				CLANG_WARN_INT_CONVERSION = YES;
				CLANG_WARN_NON_LITERAL_NULL_CONVERSION = YES;
				CLANG_WARN_OBJC_IMPLICIT_RETAIN_SELF = YES;
				CLANG_WARN_OBJC_LITERAL_CONVERSION = YES;
				CLANG_WARN_OBJC_ROOT_CLASS = YES_ERROR;
				CLANG_WARN_QUOTED_INCLUDE_IN_FRAMEWORK_HEADER = YES;
				CLANG_WARN_RANGE_LOOP_ANALYSIS = YES;
				CLANG_WARN_STRICT_PROTOTYPES = YES;
				CLANG_WARN_SUSPICIOUS_MOVE = YES;
				CLANG_WARN_UNGUARDED_AVAILABILITY = YES_AGGRESSIVE;
				CLANG_WARN_UNREACHABLE_CODE = YES;
				CLANG_WARN__DUPLICATE_METHOD_MATCH = YES;
				COPY_PHASE_STRIP = NO;
				DEBUG_INFORMATION_FORMAT = "dwarf-with-dsym";
				ENABLE_NS_ASSERTIONS = NO;
				ENABLE_STRICT_OBJC_MSGSEND = YES;
				ENABLE_USER_SCRIPT_SANDBOXING = YES;
				GCC_C_LANGUAGE_STANDARD = gnu17;
				GCC_NO_COMMON_BLOCKS = YES;
				GCC_WARN_64_TO_32_BIT_CONVERSION = YES;
				GCC_WARN_ABOUT_RETURN_TYPE = YES_ERROR;
				GCC_WARN_UNDECLARED_SELECTOR = YES;
				GCC_WARN_UNINITIALIZED_AUTOS = YES_AGGRESSIVE;
				GCC_WARN_UNUSED_FUNCTION = YES;
				GCC_WARN_UNUSED_VARIABLE = YES;
				IPHONEOS_DEPLOYMENT_TARGET = 17.4;
				LOCALIZATION_PREFERS_STRING_CATALOGS = YES;
				MTL_ENABLE_DEBUG_INFO = NO;
				MTL_FAST_MATH = YES;
				SDKROOT = iphoneos;
				SWIFT_COMPILATION_MODE = wholemodule;
				VALIDATE_PRODUCT = YES;
			};
			name = Release;
		};
		5BE5412E2BBF99FD00E3BE35 /* Debug */ = {
			isa = XCBuildConfiguration;
			buildSettings = {
				ASSETCATALOG_COMPILER_APPICON_NAME = AppIcon;
				ASSETCATALOG_COMPILER_GLOBAL_ACCENT_COLOR_NAME = AccentColor;
				CODE_SIGN_STYLE = Automatic;
				CURRENT_PROJECT_VERSION = 1;
				DEVELOPMENT_ASSET_PATHS = "\"LearningSwiftBasic/Preview Content\"";
				ENABLE_PREVIEWS = YES;
				GENERATE_INFOPLIST_FILE = YES;
				INFOPLIST_KEY_UIApplicationSceneManifest_Generation = YES;
				INFOPLIST_KEY_UIApplicationSupportsIndirectInputEvents = YES;
				INFOPLIST_KEY_UILaunchScreen_Generation = YES;
				INFOPLIST_KEY_UISupportedInterfaceOrientations_iPad = "UIInterfaceOrientationPortrait UIInterfaceOrientationPortraitUpsideDown UIInterfaceOrientationLandscapeLeft UIInterfaceOrientationLandscapeRight";
				INFOPLIST_KEY_UISupportedInterfaceOrientations_iPhone = "UIInterfaceOrientationPortrait UIInterfaceOrientationLandscapeLeft UIInterfaceOrientationLandscapeRight";
				LD_RUNPATH_SEARCH_PATHS = (
					"$(inherited)",
					"@executable_path/Frameworks",
				);
				MARKETING_VERSION = 1.0;
				PRODUCT_BUNDLE_IDENTIFIER = com.iswift.LearningSwiftBasic;
				PRODUCT_NAME = "$(TARGET_NAME)";
				SWIFT_EMIT_LOC_STRINGS = YES;
				SWIFT_VERSION = 5.0;
				TARGETED_DEVICE_FAMILY = "1,2";
			};
			name = Debug;
		};
		5BE5412F2BBF99FD00E3BE35 /* Release */ = {
			isa = XCBuildConfiguration;
			buildSettings = {
				ASSETCATALOG_COMPILER_APPICON_NAME = AppIcon;
				ASSETCATALOG_COMPILER_GLOBAL_ACCENT_COLOR_NAME = AccentColor;
				CODE_SIGN_STYLE = Automatic;
				CURRENT_PROJECT_VERSION = 1;
				DEVELOPMENT_ASSET_PATHS = "\"LearningSwiftBasic/Preview Content\"";
				ENABLE_PREVIEWS = YES;
				GENERATE_INFOPLIST_FILE = YES;
				INFOPLIST_KEY_UIApplicationSceneManifest_Generation = YES;
				INFOPLIST_KEY_UIApplicationSupportsIndirectInputEvents = YES;
				INFOPLIST_KEY_UILaunchScreen_Generation = YES;
				INFOPLIST_KEY_UISupportedInterfaceOrientations_iPad = "UIInterfaceOrientationPortrait UIInterfaceOrientationPortraitUpsideDown UIInterfaceOrientationLandscapeLeft UIInterfaceOrientationLandscapeRight";
				INFOPLIST_KEY_UISupportedInterfaceOrientations_iPhone = "UIInterfaceOrientationPortrait UIInterfaceOrientationLandscapeLeft UIInterfaceOrientationLandscapeRight";
				LD_RUNPATH_SEARCH_PATHS = (
					"$(inherited)",
					"@executable_path/Frameworks",
				);
				MARKETING_VERSION = 1.0;
				PRODUCT_BUNDLE_IDENTIFIER = com.iswift.LearningSwiftBasic;
				PRODUCT_NAME = "$(TARGET_NAME)";
				SWIFT_EMIT_LOC_STRINGS = YES;
				SWIFT_VERSION = 5.0;
				TARGETED_DEVICE_FAMILY = "1,2";
			};
			name = Release;
		};
/* End XCBuildConfiguration section */

/* Begin XCConfigurationList section */
		5BE5411A2BBF99F900E3BE35 /* Build configuration list for PBXProject "LearningSwiftBasic" */ = {
			isa = XCConfigurationList;
			buildConfigurations = (
				5BE5412B2BBF99FD00E3BE35 /* Debug */,
				5BE5412C2BBF99FD00E3BE35 /* Release */,
			);
			defaultConfigurationIsVisible = 0;
			defaultConfigurationName = Release;
		};
		5BE5412D2BBF99FD00E3BE35 /* Build configuration list for PBXNativeTarget "LearningSwiftBasic" */ = {
			isa = XCConfigurationList;
			buildConfigurations = (
				5BE5412E2BBF99FD00E3BE35 /* Debug */,
				5BE5412F2BBF99FD00E3BE35 /* Release */,
			);
			defaultConfigurationIsVisible = 0;
			defaultConfigurationName = Release;
		};
/* End XCConfigurationList section */
	};
	rootObject = 5BE541172BBF99F900E3BE35 /* Project object */;
}
